
Microsoft Visual Studio Solution File, Format Version 12.00
# Visual Studio Version 17
VisualStudioVersion = 17.5.33516.290
MinimumVisualStudioVersion = 10.0.40219.1
Project("{9A19103F-16F7-4668-BE54-9A1E7A4F7556}") = "USca-Server", "USca-Server\USca-Server.csproj", "{51E69E79-B720-4410-A83C-1E5655400965}"
EndProject
Project("{9A19103F-16F7-4668-BE54-9A1E7A4F7556}") = "USca_DbManager", "DbManager\USca_DbManager.csproj", "{3AC74432-DFEA-494A-B929-CA381885980F}"
EndProject
Project("{FAE04EC0-301F-11D3-BF4B-00C04F79EFBC}") = "USca_RTU", "USca_RTU\USca_RTU.csproj", "{C232538A-E495-4954-A563-FB88C636670F}"
EndProject
Global
	GlobalSection(SolutionConfigurationPlatforms) = preSolution
		Debug|Any CPU = Debug|Any CPU
		Release|Any CPU = Release|Any CPU
	EndGlobalSection
	GlobalSection(ProjectConfigurationPlatforms) = postSolution
		{51E69E79-B720-4410-A83C-1E5655400965}.Debug|Any CPU.ActiveCfg = Debug|Any CPU
		{51E69E79-B720-4410-A83C-1E5655400965}.Debug|Any CPU.Build.0 = Debug|Any CPU
		{51E69E79-B720-4410-A83C-1E5655400965}.Release|Any CPU.ActiveCfg = Release|Any CPU
		{51E69E79-B720-4410-A83C-1E5655400965}.Release|Any CPU.Build.0 = Release|Any CPU
		{3AC74432-DFEA-494A-B929-CA381885980F}.Debug|Any CPU.ActiveCfg = Debug|Any CPU
		{3AC74432-DFEA-494A-B929-CA381885980F}.Debug|Any CPU.Build.0 = Debug|Any CPU
		{3AC74432-DFEA-494A-B929-CA381885980F}.Release|Any CPU.ActiveCfg = Release|Any CPU
		{3AC74432-DFEA-494A-B929-CA381885980F}.Release|Any CPU.Build.0 = Release|Any CPU
		{C232538A-E495-4954-A563-FB88C636670F}.Debug|Any CPU.ActiveCfg = Debug|Any CPU
		{C232538A-E495-4954-A563-FB88C636670F}.Debug|Any CPU.Build.0 = Debug|Any CPU
		{C232538A-E495-4954-A563-FB88C636670F}.Release|Any CPU.ActiveCfg = Release|Any CPU
		{C232538A-E495-4954-A563-FB88C636670F}.Release|Any CPU.Build.0 = Release|Any CPU
	EndGlobalSection
	GlobalSection(SolutionProperties) = preSolution
		HideSolutionNode = FALSE
	EndGlobalSection
	GlobalSection(ExtensibilityGlobals) = postSolution
		SolutionGuid = {8006C482-DC46-4BE0-91C8-11AFABA981B7}
	EndGlobalSection
EndGlobal
