
Microsoft Visual Studio Solution File, Format Version 12.00
# Visual Studio Version 17
VisualStudioVersion = 17.5.33516.290
MinimumVisualStudioVersion = 10.0.40219.1
Project("{FAE04EC0-301F-11D3-BF4B-00C04F79EFBC}") = "USca-DbManager", "USca-DbManager.csproj", "{EC47B358-35BB-451C-B4F4-D113B407790D}"
EndProject
Global
	GlobalSection(SolutionConfigurationPlatforms) = preSolution
		Debug|Any CPU = Debug|Any CPU
		Release|Any CPU = Release|Any CPU
	EndGlobalSection
	GlobalSection(ProjectConfigurationPlatforms) = postSolution
		{EC47B358-35BB-451C-B4F4-D113B407790D}.Debug|Any CPU.ActiveCfg = Debug|Any CPU
		{EC47B358-35BB-451C-B4F4-D113B407790D}.Debug|Any CPU.Build.0 = Debug|Any CPU
		{EC47B358-35BB-451C-B4F4-D113B407790D}.Release|Any CPU.ActiveCfg = Release|Any CPU
		{EC47B358-35BB-451C-B4F4-D113B407790D}.Release|Any CPU.Build.0 = Release|Any CPU
	EndGlobalSection
	GlobalSection(SolutionProperties) = preSolution
		HideSolutionNode = FALSE
	EndGlobalSection
	GlobalSection(ExtensibilityGlobals) = postSolution
		SolutionGuid = {E23401ED-9050-45B8-B262-15E406619C02}
	EndGlobalSection
EndGlobal
